
Microsoft Visual Studio Solution File, Format Version 12.00
# Visual Studio Version 17
VisualStudioVersion = 17.5.33516.290
MinimumVisualStudioVersion = 10.0.40219.1
Project("{2150E333-8FDC-42A3-9474-1A3956D46DE8}") = "C01", "C01", "{A40A5771-3186-4433-80C6-D965E144D7CF}"
EndProject
Project("{2150E333-8FDC-42A3-9474-1A3956D46DE8}") = "C02", "C02", "{4654999E-9751-4B53-B957-D4E07EE692A1}"
EndProject
Project("{2150E333-8FDC-42A3-9474-1A3956D46DE8}") = "C03", "C03", "{A32098E1-6E86-4CC4-9077-490F4A73F0E1}"
EndProject
Project("{2150E333-8FDC-42A3-9474-1A3956D46DE8}") = "C04", "C04", "{C5997E2B-37EF-4CEF-9D91-C3EB0B46B7C0}"
EndProject
Project("{9A19103F-16F7-4668-BE54-9A1E7A4F7556}") = "C0101", "C01\C0101\C0101.csproj", "{FB86421B-F347-48CB-B54D-873D53FA23FD}"
EndProject
Project("{9A19103F-16F7-4668-BE54-9A1E7A4F7556}") = "C0201", "C02\C0201\C0201.csproj", "{E85800EF-7C12-4D31-A1DE-7B7E0B8276EF}"
EndProject
Project("{9A19103F-16F7-4668-BE54-9A1E7A4F7556}") = "C0202", "C02\C0202\C0202.csproj", "{C96B35A8-3B40-4B46-BC12-0D7EBB901100}"
EndProject
Project("{9A19103F-16F7-4668-BE54-9A1E7A4F7556}") = "C0102", "C01\C0102\C0102.csproj", "{FD5F292D-DC7A-45EB-ABAC-EC87522610FC}"
EndProject
Project("{FAE04EC0-301F-11D3-BF4B-00C04F79EFBC}") = "C0103", "C01\C0103\C0103.csproj", "{B7313BFE-A3AF-4BA1-A1D9-5781B8D8E2E2}"
EndProject
Project("{FAE04EC0-301F-11D3-BF4B-00C04F79EFBC}") = "C0203", "C02\C0203\C0203.csproj", "{BD2437D6-9C02-42A2-8E29-F95830F77C32}"
EndProject
Global
	GlobalSection(SolutionConfigurationPlatforms) = preSolution
		Debug|Any CPU = Debug|Any CPU
		Release|Any CPU = Release|Any CPU
	EndGlobalSection
	GlobalSection(ProjectConfigurationPlatforms) = postSolution
		{FB86421B-F347-48CB-B54D-873D53FA23FD}.Debug|Any CPU.ActiveCfg = Debug|Any CPU
		{FB86421B-F347-48CB-B54D-873D53FA23FD}.Debug|Any CPU.Build.0 = Debug|Any CPU
		{FB86421B-F347-48CB-B54D-873D53FA23FD}.Release|Any CPU.ActiveCfg = Release|Any CPU
		{FB86421B-F347-48CB-B54D-873D53FA23FD}.Release|Any CPU.Build.0 = Release|Any CPU
		{E85800EF-7C12-4D31-A1DE-7B7E0B8276EF}.Debug|Any CPU.ActiveCfg = Debug|Any CPU
		{E85800EF-7C12-4D31-A1DE-7B7E0B8276EF}.Debug|Any CPU.Build.0 = Debug|Any CPU
		{E85800EF-7C12-4D31-A1DE-7B7E0B8276EF}.Release|Any CPU.ActiveCfg = Release|Any CPU
		{E85800EF-7C12-4D31-A1DE-7B7E0B8276EF}.Release|Any CPU.Build.0 = Release|Any CPU
		{C96B35A8-3B40-4B46-BC12-0D7EBB901100}.Debug|Any CPU.ActiveCfg = Debug|Any CPU
		{C96B35A8-3B40-4B46-BC12-0D7EBB901100}.Debug|Any CPU.Build.0 = Debug|Any CPU
		{C96B35A8-3B40-4B46-BC12-0D7EBB901100}.Release|Any CPU.ActiveCfg = Release|Any CPU
		{C96B35A8-3B40-4B46-BC12-0D7EBB901100}.Release|Any CPU.Build.0 = Release|Any CPU
		{FD5F292D-DC7A-45EB-ABAC-EC87522610FC}.Debug|Any CPU.ActiveCfg = Debug|Any CPU
		{FD5F292D-DC7A-45EB-ABAC-EC87522610FC}.Debug|Any CPU.Build.0 = Debug|Any CPU
		{FD5F292D-DC7A-45EB-ABAC-EC87522610FC}.Release|Any CPU.ActiveCfg = Release|Any CPU
		{FD5F292D-DC7A-45EB-ABAC-EC87522610FC}.Release|Any CPU.Build.0 = Release|Any CPU
		{B7313BFE-A3AF-4BA1-A1D9-5781B8D8E2E2}.Debug|Any CPU.ActiveCfg = Debug|Any CPU
		{B7313BFE-A3AF-4BA1-A1D9-5781B8D8E2E2}.Debug|Any CPU.Build.0 = Debug|Any CPU
		{B7313BFE-A3AF-4BA1-A1D9-5781B8D8E2E2}.Release|Any CPU.ActiveCfg = Release|Any CPU
		{B7313BFE-A3AF-4BA1-A1D9-5781B8D8E2E2}.Release|Any CPU.Build.0 = Release|Any CPU
		{BD2437D6-9C02-42A2-8E29-F95830F77C32}.Debug|Any CPU.ActiveCfg = Debug|Any CPU
		{BD2437D6-9C02-42A2-8E29-F95830F77C32}.Debug|Any CPU.Build.0 = Debug|Any CPU
		{BD2437D6-9C02-42A2-8E29-F95830F77C32}.Release|Any CPU.ActiveCfg = Release|Any CPU
		{BD2437D6-9C02-42A2-8E29-F95830F77C32}.Release|Any CPU.Build.0 = Release|Any CPU
	EndGlobalSection
	GlobalSection(SolutionProperties) = preSolution
		HideSolutionNode = FALSE
	EndGlobalSection
	GlobalSection(NestedProjects) = preSolution
		{FB86421B-F347-48CB-B54D-873D53FA23FD} = {A40A5771-3186-4433-80C6-D965E144D7CF}
		{E85800EF-7C12-4D31-A1DE-7B7E0B8276EF} = {4654999E-9751-4B53-B957-D4E07EE692A1}
		{C96B35A8-3B40-4B46-BC12-0D7EBB901100} = {4654999E-9751-4B53-B957-D4E07EE692A1}
		{FD5F292D-DC7A-45EB-ABAC-EC87522610FC} = {A40A5771-3186-4433-80C6-D965E144D7CF}
		{B7313BFE-A3AF-4BA1-A1D9-5781B8D8E2E2} = {A40A5771-3186-4433-80C6-D965E144D7CF}
		{BD2437D6-9C02-42A2-8E29-F95830F77C32} = {4654999E-9751-4B53-B957-D4E07EE692A1}
	EndGlobalSection
	GlobalSection(ExtensibilityGlobals) = postSolution
		SolutionGuid = {0DA366BA-8E84-4359-A174-B2037CFD33F1}
	EndGlobalSection
EndGlobal
